
Microsoft Visual Studio Solution File, Format Version 12.00
# Visual Studio Version 17
VisualStudioVersion = 17.4.33122.133
MinimumVisualStudioVersion = 10.0.40219.1
Project("{8BC9CEB8-8B4A-11D0-8D11-00A0C91BC942}") = "Fishing", "Fishing\Fishing.vcxproj", "{AB56AFB4-9352-4E3E-95BA-52AFD6A777FD}"
EndProject
Global
	GlobalSection(SolutionConfigurationPlatforms) = preSolution
		Debug|x64 = Debug|x64
		Debug|x86 = Debug|x86
		Release|x64 = Release|x64
		Release|x86 = Release|x86
	EndGlobalSection
	GlobalSection(ProjectConfigurationPlatforms) = postSolution
		{AB56AFB4-9352-4E3E-95BA-52AFD6A777FD}.Debug|x64.ActiveCfg = Debug|x64
		{AB56AFB4-9352-4E3E-95BA-52AFD6A777FD}.Debug|x64.Build.0 = Debug|x64
		{AB56AFB4-9352-4E3E-95BA-52AFD6A777FD}.Debug|x86.ActiveCfg = Debug|Win32
		{AB56AFB4-9352-4E3E-95BA-52AFD6A777FD}.Debug|x86.Build.0 = Debug|Win32
		{AB56AFB4-9352-4E3E-95BA-52AFD6A777FD}.Release|x64.ActiveCfg = Release|x64
		{AB56AFB4-9352-4E3E-95BA-52AFD6A777FD}.Release|x64.Build.0 = Release|x64
		{AB56AFB4-9352-4E3E-95BA-52AFD6A777FD}.Release|x86.ActiveCfg = Release|Win32
		{AB56AFB4-9352-4E3E-95BA-52AFD6A777FD}.Release|x86.Build.0 = Release|Win32
	EndGlobalSection
	GlobalSection(SolutionProperties) = preSolution
		HideSolutionNode = FALSE
	EndGlobalSection
	GlobalSection(ExtensibilityGlobals) = postSolution
		SolutionGuid = {78C0842C-9627-42F6-9547-E57D30867574}
	EndGlobalSection
EndGlobal
